
Microsoft Visual Studio Solution File, Format Version 12.00
# Visual Studio Version 16
VisualStudioVersion = 16.0.29519.87
MinimumVisualStudioVersion = 10.0.40219.1
Project("{FAE04EC0-301F-11D3-BF4B-00C04F79EFBC}") = "HJie.Identity.AuthorizationServer", "HJie.Identity.AuthorizationServer\HJie.Identity.AuthorizationServer.csproj", "{34FCF186-E244-4F0F-86CA-AD0D381200C1}"
EndProject
Project("{FAE04EC0-301F-11D3-BF4B-00C04F79EFBC}") = "HJie.Identity.ApiService01", "HJie.Identity.ApiService01\HJie.Identity.ApiService01.csproj", "{C2294ADA-0178-4398-98C9-8BD9A3090D7D}"
EndProject
Project("{FAE04EC0-301F-11D3-BF4B-00C04F79EFBC}") = "HJie.Identity.MvcClient", "HJie.Identity.MvcClient\HJie.Identity.MvcClient.csproj", "{957A72CF-2341-4634-8AE6-A217D96EA6F0}"
EndProject
Global
	GlobalSection(SolutionConfigurationPlatforms) = preSolution
		Debug|Any CPU = Debug|Any CPU
		Release|Any CPU = Release|Any CPU
	EndGlobalSection
	GlobalSection(ProjectConfigurationPlatforms) = postSolution
		{34FCF186-E244-4F0F-86CA-AD0D381200C1}.Debug|Any CPU.ActiveCfg = Debug|Any CPU
		{34FCF186-E244-4F0F-86CA-AD0D381200C1}.Debug|Any CPU.Build.0 = Debug|Any CPU
		{34FCF186-E244-4F0F-86CA-AD0D381200C1}.Release|Any CPU.ActiveCfg = Release|Any CPU
		{34FCF186-E244-4F0F-86CA-AD0D381200C1}.Release|Any CPU.Build.0 = Release|Any CPU
		{C2294ADA-0178-4398-98C9-8BD9A3090D7D}.Debug|Any CPU.ActiveCfg = Debug|Any CPU
		{C2294ADA-0178-4398-98C9-8BD9A3090D7D}.Debug|Any CPU.Build.0 = Debug|Any CPU
		{C2294ADA-0178-4398-98C9-8BD9A3090D7D}.Release|Any CPU.ActiveCfg = Release|Any CPU
		{C2294ADA-0178-4398-98C9-8BD9A3090D7D}.Release|Any CPU.Build.0 = Release|Any CPU
		{957A72CF-2341-4634-8AE6-A217D96EA6F0}.Debug|Any CPU.ActiveCfg = Debug|Any CPU
		{957A72CF-2341-4634-8AE6-A217D96EA6F0}.Debug|Any CPU.Build.0 = Debug|Any CPU
		{957A72CF-2341-4634-8AE6-A217D96EA6F0}.Release|Any CPU.ActiveCfg = Release|Any CPU
		{957A72CF-2341-4634-8AE6-A217D96EA6F0}.Release|Any CPU.Build.0 = Release|Any CPU
	EndGlobalSection
	GlobalSection(SolutionProperties) = preSolution
		HideSolutionNode = FALSE
	EndGlobalSection
	GlobalSection(ExtensibilityGlobals) = postSolution
		SolutionGuid = {801C8D6F-6523-485C-A276-0B4CA00CF12C}
	EndGlobalSection
EndGlobal
