
Microsoft Visual Studio Solution File, Format Version 12.00
# Visual Studio Version 16
VisualStudioVersion = 16.0.29519.87
MinimumVisualStudioVersion = 10.0.40219.1
Project("{9A19103F-16F7-4668-BE54-9A1E7A4F7556}") = "HJie.Identity.AuthorizationServer", "HJie.Identity.AuthorizationServer\HJie.Identity.AuthorizationServer.csproj", "{34FCF186-E244-4F0F-86CA-AD0D381200C1}"
EndProject
Project("{9A19103F-16F7-4668-BE54-9A1E7A4F7556}") = "HJie.Identity.ApiService01", "HJie.Identity.ApiService01\HJie.Identity.ApiService01.csproj", "{C2294ADA-0178-4398-98C9-8BD9A3090D7D}"
EndProject
Project("{9A19103F-16F7-4668-BE54-9A1E7A4F7556}") = "HJie.Identity.MvcClient", "HJie.Identity.MvcClient\HJie.Identity.MvcClient.csproj", "{957A72CF-2341-4634-8AE6-A217D96EA6F0}"
EndProject
Project("{9A19103F-16F7-4668-BE54-9A1E7A4F7556}") = "HJie.Identity.SwaggerGen", "HJie.Identity.SwaggerGen\HJie.Identity.SwaggerGen.csproj", "{553441BE-CFC4-46C7-87FD-84E3AE6D94ED}"
EndProject
Project("{FAE04EC0-301F-11D3-BF4B-00C04F79EFBC}") = "HJie.Identity.Demo", "HJie.Identity.Demo\HJie.Identity.Demo.csproj", "{DF82BE77-7134-4213-9D3B-6B244462CFB7}"
EndProject
Project("{FAE04EC0-301F-11D3-BF4B-00C04F79EFBC}") = "HJie.Identity.Demo2", "HJie.Identity.Demo2\HJie.Identity.Demo2.csproj", "{EC853FD0-08D7-41D6-A923-B83E166FFDF4}"
EndProject
Project("{2150E333-8FDC-42A3-9474-1A3956D46DE8}") = "ID4", "ID4", "{4B0E48F2-3796-4732-8EF2-8D18F9C79A4C}"
EndProject
Project("{9A19103F-16F7-4668-BE54-9A1E7A4F7556}") = "HJie.Identity.ID4", "ID4\HJie.Identity.ID4\HJie.Identity.ID4.csproj", "{BB7132EA-07B8-4C86-8289-3D45C31C1027}"
EndProject
Project("{2150E333-8FDC-42A3-9474-1A3956D46DE8}") = "ID4 2.0", "ID4 2.0", "{F90B67F5-6B92-4AA4-AC70-644F54CCA87B}"
EndProject
Global
	GlobalSection(SolutionConfigurationPlatforms) = preSolution
		Debug|Any CPU = Debug|Any CPU
		Release|Any CPU = Release|Any CPU
	EndGlobalSection
	GlobalSection(ProjectConfigurationPlatforms) = postSolution
		{34FCF186-E244-4F0F-86CA-AD0D381200C1}.Debug|Any CPU.ActiveCfg = Debug|Any CPU
		{34FCF186-E244-4F0F-86CA-AD0D381200C1}.Debug|Any CPU.Build.0 = Debug|Any CPU
		{34FCF186-E244-4F0F-86CA-AD0D381200C1}.Release|Any CPU.ActiveCfg = Release|Any CPU
		{34FCF186-E244-4F0F-86CA-AD0D381200C1}.Release|Any CPU.Build.0 = Release|Any CPU
		{C2294ADA-0178-4398-98C9-8BD9A3090D7D}.Debug|Any CPU.ActiveCfg = Debug|Any CPU
		{C2294ADA-0178-4398-98C9-8BD9A3090D7D}.Debug|Any CPU.Build.0 = Debug|Any CPU
		{C2294ADA-0178-4398-98C9-8BD9A3090D7D}.Release|Any CPU.ActiveCfg = Release|Any CPU
		{C2294ADA-0178-4398-98C9-8BD9A3090D7D}.Release|Any CPU.Build.0 = Release|Any CPU
		{957A72CF-2341-4634-8AE6-A217D96EA6F0}.Debug|Any CPU.ActiveCfg = Debug|Any CPU
		{957A72CF-2341-4634-8AE6-A217D96EA6F0}.Debug|Any CPU.Build.0 = Debug|Any CPU
		{957A72CF-2341-4634-8AE6-A217D96EA6F0}.Release|Any CPU.ActiveCfg = Release|Any CPU
		{957A72CF-2341-4634-8AE6-A217D96EA6F0}.Release|Any CPU.Build.0 = Release|Any CPU
		{553441BE-CFC4-46C7-87FD-84E3AE6D94ED}.Debug|Any CPU.ActiveCfg = Debug|Any CPU
		{553441BE-CFC4-46C7-87FD-84E3AE6D94ED}.Debug|Any CPU.Build.0 = Debug|Any CPU
		{553441BE-CFC4-46C7-87FD-84E3AE6D94ED}.Release|Any CPU.ActiveCfg = Release|Any CPU
		{553441BE-CFC4-46C7-87FD-84E3AE6D94ED}.Release|Any CPU.Build.0 = Release|Any CPU
		{DF82BE77-7134-4213-9D3B-6B244462CFB7}.Debug|Any CPU.ActiveCfg = Debug|Any CPU
		{DF82BE77-7134-4213-9D3B-6B244462CFB7}.Debug|Any CPU.Build.0 = Debug|Any CPU
		{DF82BE77-7134-4213-9D3B-6B244462CFB7}.Release|Any CPU.ActiveCfg = Release|Any CPU
		{DF82BE77-7134-4213-9D3B-6B244462CFB7}.Release|Any CPU.Build.0 = Release|Any CPU
		{EC853FD0-08D7-41D6-A923-B83E166FFDF4}.Debug|Any CPU.ActiveCfg = Debug|Any CPU
		{EC853FD0-08D7-41D6-A923-B83E166FFDF4}.Debug|Any CPU.Build.0 = Debug|Any CPU
		{EC853FD0-08D7-41D6-A923-B83E166FFDF4}.Release|Any CPU.ActiveCfg = Release|Any CPU
		{EC853FD0-08D7-41D6-A923-B83E166FFDF4}.Release|Any CPU.Build.0 = Release|Any CPU
		{BB7132EA-07B8-4C86-8289-3D45C31C1027}.Debug|Any CPU.ActiveCfg = Debug|Any CPU
		{BB7132EA-07B8-4C86-8289-3D45C31C1027}.Debug|Any CPU.Build.0 = Debug|Any CPU
		{BB7132EA-07B8-4C86-8289-3D45C31C1027}.Release|Any CPU.ActiveCfg = Release|Any CPU
		{BB7132EA-07B8-4C86-8289-3D45C31C1027}.Release|Any CPU.Build.0 = Release|Any CPU
	EndGlobalSection
	GlobalSection(SolutionProperties) = preSolution
		HideSolutionNode = FALSE
	EndGlobalSection
	GlobalSection(NestedProjects) = preSolution
		{34FCF186-E244-4F0F-86CA-AD0D381200C1} = {F90B67F5-6B92-4AA4-AC70-644F54CCA87B}
		{C2294ADA-0178-4398-98C9-8BD9A3090D7D} = {F90B67F5-6B92-4AA4-AC70-644F54CCA87B}
		{957A72CF-2341-4634-8AE6-A217D96EA6F0} = {F90B67F5-6B92-4AA4-AC70-644F54CCA87B}
		{553441BE-CFC4-46C7-87FD-84E3AE6D94ED} = {F90B67F5-6B92-4AA4-AC70-644F54CCA87B}
		{DF82BE77-7134-4213-9D3B-6B244462CFB7} = {F90B67F5-6B92-4AA4-AC70-644F54CCA87B}
		{EC853FD0-08D7-41D6-A923-B83E166FFDF4} = {F90B67F5-6B92-4AA4-AC70-644F54CCA87B}
		{BB7132EA-07B8-4C86-8289-3D45C31C1027} = {4B0E48F2-3796-4732-8EF2-8D18F9C79A4C}
	EndGlobalSection
	GlobalSection(ExtensibilityGlobals) = postSolution
		SolutionGuid = {801C8D6F-6523-485C-A276-0B4CA00CF12C}
	EndGlobalSection
EndGlobal
